// !$*UTF8*$!
{
	archiveVersion = 1;
	classes = {
	};
	objectVersion = 45;
	objects = {

/* Begin PBXBuildFile section */
		1DDD58160DA1D0A300B32029 /* MainMenu.xib in Resources */ = {isa = PBXBuildFile; fileRef = 1DDD58140DA1D0A300B32029 /* MainMenu.xib */; };
		256AC3DA0F4B6AC300CF3369 /* NXTServerAppDelegate.m in Sources */ = {isa = PBXBuildFile; fileRef = 256AC3D90F4B6AC300CF3369 /* NXTServerAppDelegate.m */; };
		455EC71F12205FC6002EB5D1 /* GMAppleDouble.m in Sources */ = {isa = PBXBuildFile; fileRef = 455EC5E012205FC6002EB5D1 /* GMAppleDouble.m */; };
		455EC72112205FC6002EB5D1 /* getgateway.c in Sources */ = {isa = PBXBuildFile; fileRef = 455EC5E312205FC6002EB5D1 /* getgateway.c */; };
		455EC72612205FC6002EB5D1 /* LICENSE.txt in Resources */ = {isa = PBXBuildFile; fileRef = 455EC5EC12205FC6002EB5D1 /* LICENSE.txt */; };
		455EC74012205FC6002EB5D1 /* CSecureTransportConnection.m in Sources */ = {isa = PBXBuildFile; fileRef = 455EC62A12205FC6002EB5D1 /* CSecureTransportConnection.m */; };
		455EC74112205FC6002EB5D1 /* CTCPConnection.m in Sources */ = {isa = PBXBuildFile; fileRef = 455EC62C12205FC6002EB5D1 /* CTCPConnection.m */; };
		455EC74212205FC6002EB5D1 /* CTCPSocketListener.m in Sources */ = {isa = PBXBuildFile; fileRef = 455EC62E12205FC6002EB5D1 /* CTCPSocketListener.m */; };
		455EC74312205FC6002EB5D1 /* CTCPSocketListener_Extensions.m in Sources */ = {isa = PBXBuildFile; fileRef = 455EC63012205FC6002EB5D1 /* CTCPSocketListener_Extensions.m */; };
		455EC74412205FC6002EB5D1 /* CTransport.m in Sources */ = {isa = PBXBuildFile; fileRef = 455EC63212205FC6002EB5D1 /* CTransport.m */; };
		455EC74512205FC6002EB5D1 /* CWireProtocol.m in Sources */ = {isa = PBXBuildFile; fileRef = 455EC63412205FC6002EB5D1 /* CWireProtocol.m */; };
		455EC74612205FC6002EB5D1 /* CHTTPBasicAuthHandler.m in Sources */ = {isa = PBXBuildFile; fileRef = 455EC63812205FC6002EB5D1 /* CHTTPBasicAuthHandler.m */; };
		455EC74712205FC6002EB5D1 /* CHTTPConnection.m in Sources */ = {isa = PBXBuildFile; fileRef = 455EC63A12205FC6002EB5D1 /* CHTTPConnection.m */; };
		455EC74812205FC6002EB5D1 /* CHTTPMessage.m in Sources */ = {isa = PBXBuildFile; fileRef = 455EC63C12205FC6002EB5D1 /* CHTTPMessage.m */; };
		455EC74912205FC6002EB5D1 /* CHTTPMessage_ConvenienceExtensions.m in Sources */ = {isa = PBXBuildFile; fileRef = 455EC63E12205FC6002EB5D1 /* CHTTPMessage_ConvenienceExtensions.m */; };
		455EC74A12205FC6002EB5D1 /* CHTTPRequestHandler.m in Sources */ = {isa = PBXBuildFile; fileRef = 455EC64012205FC6002EB5D1 /* CHTTPRequestHandler.m */; };
		455EC74B12205FC6002EB5D1 /* CHTTPServer.m in Sources */ = {isa = PBXBuildFile; fileRef = 455EC64212205FC6002EB5D1 /* CHTTPServer.m */; };
		455EC74D12205FC6002EB5D1 /* CDefaultFileSystem.m in Sources */ = {isa = PBXBuildFile; fileRef = 455EC64712205FC6002EB5D1 /* CDefaultFileSystem.m */; };
		455EC75A12205FC6002EB5D1 /* CHTTPLoggingHandler.m in Sources */ = {isa = PBXBuildFile; fileRef = 455EC66412205FC6002EB5D1 /* CHTTPLoggingHandler.m */; };
		455EC75B12205FC6002EB5D1 /* TouchHTTPDConstants.m in Sources */ = {isa = PBXBuildFile; fileRef = 455EC66612205FC6002EB5D1 /* TouchHTTPDConstants.m */; };
		455EC75C12205FC6002EB5D1 /* CNATPMPManager.m in Sources */ = {isa = PBXBuildFile; fileRef = 455EC66912205FC6002EB5D1 /* CNATPMPManager.m */; };
		455EC75D12205FC6002EB5D1 /* CChunkWriter.m in Sources */ = {isa = PBXBuildFile; fileRef = 455EC66C12205FC6002EB5D1 /* CChunkWriter.m */; };
		455EC75E12205FC6002EB5D1 /* CMultiInputStream.m in Sources */ = {isa = PBXBuildFile; fileRef = 455EC66E12205FC6002EB5D1 /* CMultiInputStream.m */; };
		455EC75F12205FC6002EB5D1 /* CStreamConnector.m in Sources */ = {isa = PBXBuildFile; fileRef = 455EC67012205FC6002EB5D1 /* CStreamConnector.m */; };
		455EC76012205FC6002EB5D1 /* NSError_HTTPDExtensions.m in Sources */ = {isa = PBXBuildFile; fileRef = 455EC67212205FC6002EB5D1 /* NSError_HTTPDExtensions.m */; };
		455EC76212205FC6002EB5D1 /* NSFileManager_AppleDoubleExtensions.m in Sources */ = {isa = PBXBuildFile; fileRef = 455EC67612205FC6002EB5D1 /* NSFileManager_AppleDoubleExtensions.m */; };
		455EC76312205FC6002EB5D1 /* NSStream_Extensions.m in Sources */ = {isa = PBXBuildFile; fileRef = 455EC67812205FC6002EB5D1 /* NSStream_Extensions.m */; };
		455EC76412205FC6002EB5D1 /* NSString_AppleDoubleExtensions.m in Sources */ = {isa = PBXBuildFile; fileRef = 455EC67A12205FC6002EB5D1 /* NSString_AppleDoubleExtensions.m */; };
		455EC76512205FC6002EB5D1 /* HSK_CFUtilities.m in Sources */ = {isa = PBXBuildFile; fileRef = 455EC67D12205FC6002EB5D1 /* HSK_CFUtilities.m */; };
		455EC77D12205FC6002EB5D1 /* Base64Transcoder.c in Sources */ = {isa = PBXBuildFile; fileRef = 455EC6A512205FC6002EB5D1 /* Base64Transcoder.c */; };
		455EC77E12205FC6002EB5D1 /* CDateRange.m in Sources */ = {isa = PBXBuildFile; fileRef = 455EC6A812205FC6002EB5D1 /* CDateRange.m */; };
		455EC77F12205FC6002EB5D1 /* CLazyCache.m in Sources */ = {isa = PBXBuildFile; fileRef = 455EC6AA12205FC6002EB5D1 /* CLazyCache.m */; };
		455EC78412205FC6002EB5D1 /* CPointerArray.m in Sources */ = {isa = PBXBuildFile; fileRef = 455EC6B512205FC6002EB5D1 /* CPointerArray.m */; };
		455EC78512205FC6002EB5D1 /* CTempFile.m in Sources */ = {isa = PBXBuildFile; fileRef = 455EC6B712205FC6002EB5D1 /* CTempFile.m */; };
		455EC78612205FC6002EB5D1 /* CTemporaryData.m in Sources */ = {isa = PBXBuildFile; fileRef = 455EC6B912205FC6002EB5D1 /* CTemporaryData.m */; };
		455EC78712205FC6002EB5D1 /* CTrivialTemplate.m in Sources */ = {isa = PBXBuildFile; fileRef = 455EC6BB12205FC6002EB5D1 /* CTrivialTemplate.m */; };
		455EC78812205FC6002EB5D1 /* CURLOperation.m in Sources */ = {isa = PBXBuildFile; fileRef = 455EC6BD12205FC6002EB5D1 /* CURLOperation.m */; };
		455EC78912205FC6002EB5D1 /* CValueValidator.m in Sources */ = {isa = PBXBuildFile; fileRef = 455EC6BF12205FC6002EB5D1 /* CValueValidator.m */; };
		455EC78A12205FC6002EB5D1 /* ISO8601DateFormatter.m in Sources */ = {isa = PBXBuildFile; fileRef = 455EC6C412205FC6002EB5D1 /* ISO8601DateFormatter.m */; };
		455EC78B12205FC6002EB5D1 /* NSDate_Extensions.m in Sources */ = {isa = PBXBuildFile; fileRef = 455EC6C612205FC6002EB5D1 /* NSDate_Extensions.m */; };
		455EC78C12205FC6002EB5D1 /* NSDate_InternetDateExtensions.m in Sources */ = {isa = PBXBuildFile; fileRef = 455EC6C812205FC6002EB5D1 /* NSDate_InternetDateExtensions.m */; };
		455EC78D12205FC6002EB5D1 /* NSDateFormatter_InternetDateExtensions.m in Sources */ = {isa = PBXBuildFile; fileRef = 455EC6CA12205FC6002EB5D1 /* NSDateFormatter_InternetDateExtensions.m */; };
		455EC78E12205FC6002EB5D1 /* NSData_Base64Extensions.m in Sources */ = {isa = PBXBuildFile; fileRef = 455EC6CC12205FC6002EB5D1 /* NSData_Base64Extensions.m */; };
		455EC78F12205FC6002EB5D1 /* NSData_Extensions.m in Sources */ = {isa = PBXBuildFile; fileRef = 455EC6CE12205FC6002EB5D1 /* NSData_Extensions.m */; };
		455EC79012205FC6002EB5D1 /* NSDecimalNumber_Extensions.m in Sources */ = {isa = PBXBuildFile; fileRef = 455EC6D012205FC6002EB5D1 /* NSDecimalNumber_Extensions.m */; };
		455EC79112205FC6002EB5D1 /* NSError_Extensions.m in Sources */ = {isa = PBXBuildFile; fileRef = 455EC6D212205FC6002EB5D1 /* NSError_Extensions.m */; };
		455EC79212205FC6002EB5D1 /* NSFileManager_Extensions.m in Sources */ = {isa = PBXBuildFile; fileRef = 455EC6D412205FC6002EB5D1 /* NSFileManager_Extensions.m */; };
		455EC79312205FC6002EB5D1 /* NSIndexPath_Extensions.m in Sources */ = {isa = PBXBuildFile; fileRef = 455EC6D612205FC6002EB5D1 /* NSIndexPath_Extensions.m */; };
		455EC79412205FC6002EB5D1 /* NSOperation_DebugExtensions.m in Sources */ = {isa = PBXBuildFile; fileRef = 455EC6D812205FC6002EB5D1 /* NSOperation_DebugExtensions.m */; };
		455EC79512205FC6002EB5D1 /* NSOperationQueue_Extensions.m in Sources */ = {isa = PBXBuildFile; fileRef = 455EC6DA12205FC6002EB5D1 /* NSOperationQueue_Extensions.m */; };
		455EC79612205FC6002EB5D1 /* NSScanner_Extensions.m in Sources */ = {isa = PBXBuildFile; fileRef = 455EC6DC12205FC6002EB5D1 /* NSScanner_Extensions.m */; };
		455EC79712205FC6002EB5D1 /* NSScanner_HTMLExtensions.m in Sources */ = {isa = PBXBuildFile; fileRef = 455EC6DE12205FC6002EB5D1 /* NSScanner_HTMLExtensions.m */; };
		455EC79812205FC6002EB5D1 /* NSString_Extensions.m in Sources */ = {isa = PBXBuildFile; fileRef = 455EC6E012205FC6002EB5D1 /* NSString_Extensions.m */; };
		455EC79912205FC6002EB5D1 /* NSURL_DataExtensions.m in Sources */ = {isa = PBXBuildFile; fileRef = 455EC6E212205FC6002EB5D1 /* NSURL_DataExtensions.m */; };
		455EC79A12205FC6002EB5D1 /* NSURL_Extensions.m in Sources */ = {isa = PBXBuildFile; fileRef = 455EC6E412205FC6002EB5D1 /* NSURL_Extensions.m */; };
		455EC79B12205FC6002EB5D1 /* NSURLResponse_Extensions.m in Sources */ = {isa = PBXBuildFile; fileRef = 455EC6E612205FC6002EB5D1 /* NSURLResponse_Extensions.m */; };
		455EC79C12205FC6002EB5D1 /* NSValue_Extensions.m in Sources */ = {isa = PBXBuildFile; fileRef = 455EC6E812205FC6002EB5D1 /* NSValue_Extensions.m */; };
		455EC79D12205FC6002EB5D1 /* CInvocationGrabber.m in Sources */ = {isa = PBXBuildFile; fileRef = 455EC6EB12205FC6002EB5D1 /* CInvocationGrabber.m */; };
		455EC79E12205FC6002EB5D1 /* NSObject_InvocationGrabberExtensions.m in Sources */ = {isa = PBXBuildFile; fileRef = 455EC6ED12205FC6002EB5D1 /* NSObject_InvocationGrabberExtensions.m */; };
		455EC79F12205FC6002EB5D1 /* CBundleResourceURLProtocol.m in Sources */ = {isa = PBXBuildFile; fileRef = 455EC6F112205FC6002EB5D1 /* CBundleResourceURLProtocol.m */; };
		455EC7A012205FC6002EB5D1 /* CCommaArrayTransformer.m in Sources */ = {isa = PBXBuildFile; fileRef = 455EC6F412205FC6002EB5D1 /* CCommaArrayTransformer.m */; };
		455EC7A112205FC6002EB5D1 /* CFloatTransformer.m in Sources */ = {isa = PBXBuildFile; fileRef = 455EC6F612205FC6002EB5D1 /* CFloatTransformer.m */; };
		455EC7A212205FC6002EB5D1 /* CHumanDateFormatter.m in Sources */ = {isa = PBXBuildFile; fileRef = 455EC6F812205FC6002EB5D1 /* CHumanDateFormatter.m */; };
		455EC7A312205FC6002EB5D1 /* CNumberToStringValueTransformer.m in Sources */ = {isa = PBXBuildFile; fileRef = 455EC6FA12205FC6002EB5D1 /* CNumberToStringValueTransformer.m */; };
		455EC7E5122061D5002EB5D1 /* natpmp.c in Sources */ = {isa = PBXBuildFile; fileRef = 455EC5E612205FC6002EB5D1 /* natpmp.c */; };
		455EC7E9122061EB002EB5D1 /* Security.framework in Frameworks */ = {isa = PBXBuildFile; fileRef = 455EC7E8122061EB002EB5D1 /* Security.framework */; };
		455EC80212206242002EB5D1 /* CNXTHandler.m in Sources */ = {isa = PBXBuildFile; fileRef = 455EC80112206242002EB5D1 /* CNXTHandler.m */; };
		455EC880122063EC002EB5D1 /* LegoNXT.framework in Frameworks */ = {isa = PBXBuildFile; fileRef = 455EC86D122063D4002EB5D1 /* LegoNXT.framework */; };
		455EC95012206E62002EB5D1 /* LegoNXT.framework in CopyFiles */ = {isa = PBXBuildFile; fileRef = 455EC86D122063D4002EB5D1 /* LegoNXT.framework */; };
		8D11072B0486CEB800E47090 /* InfoPlist.strings in Resources */ = {isa = PBXBuildFile; fileRef = 089C165CFE840E0CC02AAC07 /* InfoPlist.strings */; };
		8D11072D0486CEB800E47090 /* main.m in Sources */ = {isa = PBXBuildFile; fileRef = 29B97316FDCFA39411CA2CEA /* main.m */; settings = {ATTRIBUTES = (); }; };
		8D11072F0486CEB800E47090 /* Cocoa.framework in Frameworks */ = {isa = PBXBuildFile; fileRef = 1058C7A1FEA54F0111CA2CBB /* Cocoa.framework */; };
/* End PBXBuildFile section */

/* Begin PBXContainerItemProxy section */
		455EC86C122063D4002EB5D1 /* PBXContainerItemProxy */ = {
			isa = PBXContainerItemProxy;
			containerPortal = 455EC864122063D4002EB5D1 /* LegoNXTRemote.xcodeproj */;
			proxyType = 2;
			remoteGlobalIDString = 008666CE0F1152A70023983E /* LegoNXT.framework */;
			remoteInfo = LegoNXT;
		};
		455EC86E122063D4002EB5D1 /* PBXContainerItemProxy */ = {
			isa = PBXContainerItemProxy;
			containerPortal = 455EC864122063D4002EB5D1 /* LegoNXTRemote.xcodeproj */;
			proxyType = 2;
			remoteGlobalIDString = 8D1107320486CEB800E47090 /* LegoNXTRemote.app */;
			remoteInfo = LegoNXTRemote;
		};
		455EC87E122063E5002EB5D1 /* PBXContainerItemProxy */ = {
			isa = PBXContainerItemProxy;
			containerPortal = 455EC864122063D4002EB5D1 /* LegoNXTRemote.xcodeproj */;
			proxyType = 1;
			remoteGlobalIDString = 00BF73870F113FB100BF054E /* LegoNXT */;
			remoteInfo = LegoNXT;
		};
/* End PBXContainerItemProxy section */

/* Begin PBXCopyFilesBuildPhase section */
		455EC95412206E69002EB5D1 /* CopyFiles */ = {
			isa = PBXCopyFilesBuildPhase;
			buildActionMask = 2147483647;
			dstPath = "";
			dstSubfolderSpec = 11;
			files = (
				455EC95012206E62002EB5D1 /* LegoNXT.framework in CopyFiles */,
			);
			runOnlyForDeploymentPostprocessing = 0;
		};
/* End PBXCopyFilesBuildPhase section */

/* Begin PBXFileReference section */
		089C165DFE840E0CC02AAC07 /* English */ = {isa = PBXFileReference; fileEncoding = 4; lastKnownFileType = text.plist.strings; name = English; path = English.lproj/InfoPlist.strings; sourceTree = "<group>"; };
		1058C7A1FEA54F0111CA2CBB /* Cocoa.framework */ = {isa = PBXFileReference; lastKnownFileType = wrapper.framework; name = Cocoa.framework; path = /System/Library/Frameworks/Cocoa.framework; sourceTree = "<absolute>"; };
		13E42FB307B3F0F600E4EEF1 /* CoreData.framework */ = {isa = PBXFileReference; lastKnownFileType = wrapper.framework; name = CoreData.framework; path = /System/Library/Frameworks/CoreData.framework; sourceTree = "<absolute>"; };
		1DDD58150DA1D0A300B32029 /* English */ = {isa = PBXFileReference; lastKnownFileType = file.xib; name = English; path = English.lproj/MainMenu.xib; sourceTree = "<group>"; };
		256AC3D80F4B6AC300CF3369 /* NXTServerAppDelegate.h */ = {isa = PBXFileReference; fileEncoding = 4; lastKnownFileType = sourcecode.c.h; path = NXTServerAppDelegate.h; sourceTree = "<group>"; };
		256AC3D90F4B6AC300CF3369 /* NXTServerAppDelegate.m */ = {isa = PBXFileReference; fileEncoding = 4; lastKnownFileType = sourcecode.c.objc; path = NXTServerAppDelegate.m; sourceTree = "<group>"; };
		256AC3F00F4B6AF500CF3369 /* NXTServer_Prefix.pch */ = {isa = PBXFileReference; fileEncoding = 4; lastKnownFileType = sourcecode.c.h; path = NXTServer_Prefix.pch; sourceTree = "<group>"; };
		29B97316FDCFA39411CA2CEA /* main.m */ = {isa = PBXFileReference; fileEncoding = 4; lastKnownFileType = sourcecode.c.objc; path = main.m; sourceTree = "<group>"; };
		29B97324FDCFA39411CA2CEA /* AppKit.framework */ = {isa = PBXFileReference; lastKnownFileType = wrapper.framework; name = AppKit.framework; path = /System/Library/Frameworks/AppKit.framework; sourceTree = "<absolute>"; };
		29B97325FDCFA39411CA2CEA /* Foundation.framework */ = {isa = PBXFileReference; lastKnownFileType = wrapper.framework; name = Foundation.framework; path = /System/Library/Frameworks/Foundation.framework; sourceTree = "<absolute>"; };
		455EC5DF12205FC6002EB5D1 /* GMAppleDouble.h */ = {isa = PBXFileReference; fileEncoding = 4; lastKnownFileType = sourcecode.c.h; path = GMAppleDouble.h; sourceTree = "<group>"; };
		455EC5E012205FC6002EB5D1 /* GMAppleDouble.m */ = {isa = PBXFileReference; fileEncoding = 4; lastKnownFileType = sourcecode.c.objc; path = GMAppleDouble.m; sourceTree = "<group>"; };
		455EC5E212205FC6002EB5D1 /* Changelog.txt */ = {isa = PBXFileReference; fileEncoding = 4; lastKnownFileType = text; path = Changelog.txt; sourceTree = "<group>"; };
		455EC5E312205FC6002EB5D1 /* getgateway.c */ = {isa = PBXFileReference; fileEncoding = 4; lastKnownFileType = sourcecode.c.c; path = getgateway.c; sourceTree = "<group>"; };
		455EC5E412205FC6002EB5D1 /* getgateway.h */ = {isa = PBXFileReference; fileEncoding = 4; lastKnownFileType = sourcecode.c.h; path = getgateway.h; sourceTree = "<group>"; };
		455EC5E512205FC6002EB5D1 /* Makefile */ = {isa = PBXFileReference; fileEncoding = 4; lastKnownFileType = sourcecode.make; path = Makefile; sourceTree = "<group>"; };
		455EC5E612205FC6002EB5D1 /* natpmp.c */ = {isa = PBXFileReference; fileEncoding = 4; lastKnownFileType = sourcecode.c.c; path = natpmp.c; sourceTree = "<group>"; };
		455EC5E712205FC6002EB5D1 /* natpmp.h */ = {isa = PBXFileReference; fileEncoding = 4; lastKnownFileType = sourcecode.c.h; path = natpmp.h; sourceTree = "<group>"; };
		455EC5E812205FC6002EB5D1 /* natpmpc.c */ = {isa = PBXFileReference; fileEncoding = 4; lastKnownFileType = sourcecode.c.c; path = natpmpc.c; sourceTree = "<group>"; };
		455EC5E912205FC6002EB5D1 /* testgetgateway.c */ = {isa = PBXFileReference; fileEncoding = 4; lastKnownFileType = sourcecode.c.c; path = testgetgateway.c; sourceTree = "<group>"; };
		455EC5EC12205FC6002EB5D1 /* LICENSE.txt */ = {isa = PBXFileReference; fileEncoding = 4; lastKnownFileType = text; path = LICENSE.txt; sourceTree = "<group>"; };
		455EC62912205FC6002EB5D1 /* CSecureTransportConnection.h */ = {isa = PBXFileReference; fileEncoding = 4; lastKnownFileType = sourcecode.c.h; path = CSecureTransportConnection.h; sourceTree = "<group>"; };
		455EC62A12205FC6002EB5D1 /* CSecureTransportConnection.m */ = {isa = PBXFileReference; fileEncoding = 4; lastKnownFileType = sourcecode.c.objc; path = CSecureTransportConnection.m; sourceTree = "<group>"; };
		455EC62B12205FC6002EB5D1 /* CTCPConnection.h */ = {isa = PBXFileReference; fileEncoding = 4; lastKnownFileType = sourcecode.c.h; path = CTCPConnection.h; sourceTree = "<group>"; };
		455EC62C12205FC6002EB5D1 /* CTCPConnection.m */ = {isa = PBXFileReference; fileEncoding = 4; lastKnownFileType = sourcecode.c.objc; path = CTCPConnection.m; sourceTree = "<group>"; };
		455EC62D12205FC6002EB5D1 /* CTCPSocketListener.h */ = {isa = PBXFileReference; fileEncoding = 4; lastKnownFileType = sourcecode.c.h; path = CTCPSocketListener.h; sourceTree = "<group>"; };
		455EC62E12205FC6002EB5D1 /* CTCPSocketListener.m */ = {isa = PBXFileReference; fileEncoding = 4; lastKnownFileType = sourcecode.c.objc; path = CTCPSocketListener.m; sourceTree = "<group>"; };
		455EC62F12205FC6002EB5D1 /* CTCPSocketListener_Extensions.h */ = {isa = PBXFileReference; fileEncoding = 4; lastKnownFileType = sourcecode.c.h; path = CTCPSocketListener_Extensions.h; sourceTree = "<group>"; };
		455EC63012205FC6002EB5D1 /* CTCPSocketListener_Extensions.m */ = {isa = PBXFileReference; fileEncoding = 4; lastKnownFileType = sourcecode.c.objc; path = CTCPSocketListener_Extensions.m; sourceTree = "<group>"; };
		455EC63112205FC6002EB5D1 /* CTransport.h */ = {isa = PBXFileReference; fileEncoding = 4; lastKnownFileType = sourcecode.c.h; path = CTransport.h; sourceTree = "<group>"; };
		455EC63212205FC6002EB5D1 /* CTransport.m */ = {isa = PBXFileReference; fileEncoding = 4; lastKnownFileType = sourcecode.c.objc; path = CTransport.m; sourceTree = "<group>"; };
		455EC63312205FC6002EB5D1 /* CWireProtocol.h */ = {isa = PBXFileReference; fileEncoding = 4; lastKnownFileType = sourcecode.c.h; path = CWireProtocol.h; sourceTree = "<group>"; };
		455EC63412205FC6002EB5D1 /* CWireProtocol.m */ = {isa = PBXFileReference; fileEncoding = 4; lastKnownFileType = sourcecode.c.objc; path = CWireProtocol.m; sourceTree = "<group>"; };
		455EC63712205FC6002EB5D1 /* CHTTPBasicAuthHandler.h */ = {isa = PBXFileReference; fileEncoding = 4; lastKnownFileType = sourcecode.c.h; path = CHTTPBasicAuthHandler.h; sourceTree = "<group>"; };
		455EC63812205FC6002EB5D1 /* CHTTPBasicAuthHandler.m */ = {isa = PBXFileReference; fileEncoding = 4; lastKnownFileType = sourcecode.c.objc; path = CHTTPBasicAuthHandler.m; sourceTree = "<group>"; };
		455EC63912205FC6002EB5D1 /* CHTTPConnection.h */ = {isa = PBXFileReference; fileEncoding = 4; lastKnownFileType = sourcecode.c.h; path = CHTTPConnection.h; sourceTree = "<group>"; };
		455EC63A12205FC6002EB5D1 /* CHTTPConnection.m */ = {isa = PBXFileReference; fileEncoding = 4; lastKnownFileType = sourcecode.c.objc; path = CHTTPConnection.m; sourceTree = "<group>"; };
		455EC63B12205FC6002EB5D1 /* CHTTPMessage.h */ = {isa = PBXFileReference; fileEncoding = 4; lastKnownFileType = sourcecode.c.h; path = CHTTPMessage.h; sourceTree = "<group>"; };
		455EC63C12205FC6002EB5D1 /* CHTTPMessage.m */ = {isa = PBXFileReference; fileEncoding = 4; lastKnownFileType = sourcecode.c.objc; path = CHTTPMessage.m; sourceTree = "<group>"; };
		455EC63D12205FC6002EB5D1 /* CHTTPMessage_ConvenienceExtensions.h */ = {isa = PBXFileReference; fileEncoding = 4; lastKnownFileType = sourcecode.c.h; path = CHTTPMessage_ConvenienceExtensions.h; sourceTree = "<group>"; };
		455EC63E12205FC6002EB5D1 /* CHTTPMessage_ConvenienceExtensions.m */ = {isa = PBXFileReference; fileEncoding = 4; lastKnownFileType = sourcecode.c.objc; path = CHTTPMessage_ConvenienceExtensions.m; sourceTree = "<group>"; };
		455EC63F12205FC6002EB5D1 /* CHTTPRequestHandler.h */ = {isa = PBXFileReference; fileEncoding = 4; lastKnownFileType = sourcecode.c.h; path = CHTTPRequestHandler.h; sourceTree = "<group>"; };
		455EC64012205FC6002EB5D1 /* CHTTPRequestHandler.m */ = {isa = PBXFileReference; fileEncoding = 4; lastKnownFileType = sourcecode.c.objc; path = CHTTPRequestHandler.m; sourceTree = "<group>"; };
		455EC64112205FC6002EB5D1 /* CHTTPServer.h */ = {isa = PBXFileReference; fileEncoding = 4; lastKnownFileType = sourcecode.c.h; path = CHTTPServer.h; sourceTree = "<group>"; };
		455EC64212205FC6002EB5D1 /* CHTTPServer.m */ = {isa = PBXFileReference; fileEncoding = 4; lastKnownFileType = sourcecode.c.objc; path = CHTTPServer.m; sourceTree = "<group>"; };
		455EC64312205FC6002EB5D1 /* CRoutingHTTPRequestHandler.h */ = {isa = PBXFileReference; fileEncoding = 4; lastKnownFileType = sourcecode.c.h; path = CRoutingHTTPRequestHandler.h; sourceTree = "<group>"; };
		455EC64412205FC6002EB5D1 /* CRoutingHTTPRequestHandler.m */ = {isa = PBXFileReference; fileEncoding = 4; lastKnownFileType = sourcecode.c.objc; path = CRoutingHTTPRequestHandler.m; sourceTree = "<group>"; };
		455EC64612205FC6002EB5D1 /* CDefaultFileSystem.h */ = {isa = PBXFileReference; fileEncoding = 4; lastKnownFileType = sourcecode.c.h; path = CDefaultFileSystem.h; sourceTree = "<group>"; };
		455EC64712205FC6002EB5D1 /* CDefaultFileSystem.m */ = {isa = PBXFileReference; fileEncoding = 4; lastKnownFileType = sourcecode.c.objc; path = CDefaultFileSystem.m; sourceTree = "<group>"; };
		455EC64812205FC6002EB5D1 /* CFileSystem.h */ = {isa = PBXFileReference; fileEncoding = 4; lastKnownFileType = sourcecode.c.h; path = CFileSystem.h; sourceTree = "<group>"; };
		455EC64912205FC6002EB5D1 /* CFileSystem.m */ = {isa = PBXFileReference; fileEncoding = 4; lastKnownFileType = sourcecode.c.objc; path = CFileSystem.m; sourceTree = "<group>"; };
		455EC64A12205FC6002EB5D1 /* CHTTPDefaultHandler.h */ = {isa = PBXFileReference; fileEncoding = 4; lastKnownFileType = sourcecode.c.h; path = CHTTPDefaultHandler.h; sourceTree = "<group>"; };
		455EC64B12205FC6002EB5D1 /* CHTTPDefaultHandler.m */ = {isa = PBXFileReference; fileEncoding = 4; lastKnownFileType = sourcecode.c.objc; path = CHTTPDefaultHandler.m; sourceTree = "<group>"; };
		455EC64C12205FC6002EB5D1 /* CHTTPFileSystemHandler.h */ = {isa = PBXFileReference; fileEncoding = 4; lastKnownFileType = sourcecode.c.h; path = CHTTPFileSystemHandler.h; sourceTree = "<group>"; };
		455EC64D12205FC6002EB5D1 /* CHTTPFileSystemHandler.m */ = {isa = PBXFileReference; fileEncoding = 4; lastKnownFileType = sourcecode.c.objc; path = CHTTPFileSystemHandler.m; sourceTree = "<group>"; };
		455EC64E12205FC6002EB5D1 /* CHTTPLogHandler.h */ = {isa = PBXFileReference; fileEncoding = 4; lastKnownFileType = sourcecode.c.h; path = CHTTPLogHandler.h; sourceTree = "<group>"; };
		455EC64F12205FC6002EB5D1 /* CHTTPLogHandler.m */ = {isa = PBXFileReference; fileEncoding = 4; lastKnownFileType = sourcecode.c.objc; path = CHTTPLogHandler.m; sourceTree = "<group>"; };
		455EC65012205FC6002EB5D1 /* CHTTPStaticResourcesHandler.h */ = {isa = PBXFileReference; fileEncoding = 4; lastKnownFileType = sourcecode.c.h; path = CHTTPStaticResourcesHandler.h; sourceTree = "<group>"; };
		455EC65112205FC6002EB5D1 /* CHTTPStaticResourcesHandler.m */ = {isa = PBXFileReference; fileEncoding = 4; lastKnownFileType = sourcecode.c.objc; path = CHTTPStaticResourcesHandler.m; sourceTree = "<group>"; };
		455EC65212205FC6002EB5D1 /* CRoutingHTTPRequestHandler.h */ = {isa = PBXFileReference; fileEncoding = 4; lastKnownFileType = sourcecode.c.h; path = CRoutingHTTPRequestHandler.h; sourceTree = "<group>"; };
		455EC65312205FC6002EB5D1 /* CRoutingHTTPRequestHandler.m */ = {isa = PBXFileReference; fileEncoding = 4; lastKnownFileType = sourcecode.c.objc; path = CRoutingHTTPRequestHandler.m; sourceTree = "<group>"; };
		455EC66312205FC6002EB5D1 /* CHTTPLoggingHandler.h */ = {isa = PBXFileReference; fileEncoding = 4; lastKnownFileType = sourcecode.c.h; path = CHTTPLoggingHandler.h; sourceTree = "<group>"; };
		455EC66412205FC6002EB5D1 /* CHTTPLoggingHandler.m */ = {isa = PBXFileReference; fileEncoding = 4; lastKnownFileType = sourcecode.c.objc; path = CHTTPLoggingHandler.m; sourceTree = "<group>"; };
		455EC66512205FC6002EB5D1 /* TouchHTTPDConstants.h */ = {isa = PBXFileReference; fileEncoding = 4; lastKnownFileType = sourcecode.c.h; path = TouchHTTPDConstants.h; sourceTree = "<group>"; };
		455EC66612205FC6002EB5D1 /* TouchHTTPDConstants.m */ = {isa = PBXFileReference; fileEncoding = 4; lastKnownFileType = sourcecode.c.objc; path = TouchHTTPDConstants.m; sourceTree = "<group>"; };
		455EC66812205FC6002EB5D1 /* CNATPMPManager.h */ = {isa = PBXFileReference; fileEncoding = 4; lastKnownFileType = sourcecode.c.h; path = CNATPMPManager.h; sourceTree = "<group>"; };
		455EC66912205FC6002EB5D1 /* CNATPMPManager.m */ = {isa = PBXFileReference; fileEncoding = 4; lastKnownFileType = sourcecode.c.objc; path = CNATPMPManager.m; sourceTree = "<group>"; };
		455EC66B12205FC6002EB5D1 /* CChunkWriter.h */ = {isa = PBXFileReference; fileEncoding = 4; lastKnownFileType = sourcecode.c.h; path = CChunkWriter.h; sourceTree = "<group>"; };
		455EC66C12205FC6002EB5D1 /* CChunkWriter.m */ = {isa = PBXFileReference; fileEncoding = 4; lastKnownFileType = sourcecode.c.objc; path = CChunkWriter.m; sourceTree = "<group>"; };
		455EC66D12205FC6002EB5D1 /* CMultiInputStream.h */ = {isa = PBXFileReference; fileEncoding = 4; lastKnownFileType = sourcecode.c.h; path = CMultiInputStream.h; sourceTree = "<group>"; };
		455EC66E12205FC6002EB5D1 /* CMultiInputStream.m */ = {isa = PBXFileReference; fileEncoding = 4; lastKnownFileType = sourcecode.c.objc; path = CMultiInputStream.m; sourceTree = "<group>"; };
		455EC66F12205FC6002EB5D1 /* CStreamConnector.h */ = {isa = PBXFileReference; fileEncoding = 4; lastKnownFileType = sourcecode.c.h; path = CStreamConnector.h; sourceTree = "<group>"; };
		455EC67012205FC6002EB5D1 /* CStreamConnector.m */ = {isa = PBXFileReference; fileEncoding = 4; lastKnownFileType = sourcecode.c.objc; path = CStreamConnector.m; sourceTree = "<group>"; };
		455EC67112205FC6002EB5D1 /* NSError_HTTPDExtensions.h */ = {isa = PBXFileReference; fileEncoding = 4; lastKnownFileType = sourcecode.c.h; path = NSError_HTTPDExtensions.h; sourceTree = "<group>"; };
		455EC67212205FC6002EB5D1 /* NSError_HTTPDExtensions.m */ = {isa = PBXFileReference; fileEncoding = 4; lastKnownFileType = sourcecode.c.objc; path = NSError_HTTPDExtensions.m; sourceTree = "<group>"; };
		455EC67312205FC6002EB5D1 /* NSError_XMLOutputExtensions.h */ = {isa = PBXFileReference; fileEncoding = 4; lastKnownFileType = sourcecode.c.h; path = NSError_XMLOutputExtensions.h; sourceTree = "<group>"; };
		455EC67412205FC6002EB5D1 /* NSError_XMLOutputExtensions.m */ = {isa = PBXFileReference; fileEncoding = 4; lastKnownFileType = sourcecode.c.objc; path = NSError_XMLOutputExtensions.m; sourceTree = "<group>"; };
		455EC67512205FC6002EB5D1 /* NSFileManager_AppleDoubleExtensions.h */ = {isa = PBXFileReference; fileEncoding = 4; lastKnownFileType = sourcecode.c.h; path = NSFileManager_AppleDoubleExtensions.h; sourceTree = "<group>"; };
		455EC67612205FC6002EB5D1 /* NSFileManager_AppleDoubleExtensions.m */ = {isa = PBXFileReference; fileEncoding = 4; lastKnownFileType = sourcecode.c.objc; path = NSFileManager_AppleDoubleExtensions.m; sourceTree = "<group>"; };
		455EC67712205FC6002EB5D1 /* NSStream_Extensions.h */ = {isa = PBXFileReference; fileEncoding = 4; lastKnownFileType = sourcecode.c.h; path = NSStream_Extensions.h; sourceTree = "<group>"; };
		455EC67812205FC6002EB5D1 /* NSStream_Extensions.m */ = {isa = PBXFileReference; fileEncoding = 4; lastKnownFileType = sourcecode.c.objc; path = NSStream_Extensions.m; sourceTree = "<group>"; };
		455EC67912205FC6002EB5D1 /* NSString_AppleDoubleExtensions.h */ = {isa = PBXFileReference; fileEncoding = 4; lastKnownFileType = sourcecode.c.h; path = NSString_AppleDoubleExtensions.h; sourceTree = "<group>"; };
		455EC67A12205FC6002EB5D1 /* NSString_AppleDoubleExtensions.m */ = {isa = PBXFileReference; fileEncoding = 4; lastKnownFileType = sourcecode.c.objc; path = NSString_AppleDoubleExtensions.m; sourceTree = "<group>"; };
		455EC67C12205FC6002EB5D1 /* HSK_CFUtilities.h */ = {isa = PBXFileReference; fileEncoding = 4; lastKnownFileType = sourcecode.c.h; path = HSK_CFUtilities.h; sourceTree = "<group>"; };
		455EC67D12205FC6002EB5D1 /* HSK_CFUtilities.m */ = {isa = PBXFileReference; fileEncoding = 4; lastKnownFileType = sourcecode.c.objc; path = HSK_CFUtilities.m; sourceTree = "<group>"; };
		455EC6A512205FC6002EB5D1 /* Base64Transcoder.c */ = {isa = PBXFileReference; fileEncoding = 4; lastKnownFileType = sourcecode.c.c; path = Base64Transcoder.c; sourceTree = "<group>"; };
		455EC6A612205FC6002EB5D1 /* Base64Transcoder.h */ = {isa = PBXFileReference; fileEncoding = 4; lastKnownFileType = sourcecode.c.h; path = Base64Transcoder.h; sourceTree = "<group>"; };
		455EC6A712205FC6002EB5D1 /* CDateRange.h */ = {isa = PBXFileReference; fileEncoding = 4; lastKnownFileType = sourcecode.c.h; path = CDateRange.h; sourceTree = "<group>"; };
		455EC6A812205FC6002EB5D1 /* CDateRange.m */ = {isa = PBXFileReference; fileEncoding = 4; lastKnownFileType = sourcecode.c.objc; path = CDateRange.m; sourceTree = "<group>"; };
		455EC6A912205FC6002EB5D1 /* CLazyCache.h */ = {isa = PBXFileReference; fileEncoding = 4; lastKnownFileType = sourcecode.c.h; path = CLazyCache.h; sourceTree = "<group>"; };
		455EC6AA12205FC6002EB5D1 /* CLazyCache.m */ = {isa = PBXFileReference; fileEncoding = 4; lastKnownFileType = sourcecode.c.objc; path = CLazyCache.m; sourceTree = "<group>"; };
		455EC6B412205FC6002EB5D1 /* CPointerArray.h */ = {isa = PBXFileReference; fileEncoding = 4; lastKnownFileType = sourcecode.c.h; path = CPointerArray.h; sourceTree = "<group>"; };
		455EC6B512205FC6002EB5D1 /* CPointerArray.m */ = {isa = PBXFileReference; fileEncoding = 4; lastKnownFileType = sourcecode.c.objc; path = CPointerArray.m; sourceTree = "<group>"; };
		455EC6B612205FC6002EB5D1 /* CTempFile.h */ = {isa = PBXFileReference; fileEncoding = 4; lastKnownFileType = sourcecode.c.h; path = CTempFile.h; sourceTree = "<group>"; };
		455EC6B712205FC6002EB5D1 /* CTempFile.m */ = {isa = PBXFileReference; fileEncoding = 4; lastKnownFileType = sourcecode.c.objc; path = CTempFile.m; sourceTree = "<group>"; };
		455EC6B812205FC6002EB5D1 /* CTemporaryData.h */ = {isa = PBXFileReference; fileEncoding = 4; lastKnownFileType = sourcecode.c.h; path = CTemporaryData.h; sourceTree = "<group>"; };
		455EC6B912205FC6002EB5D1 /* CTemporaryData.m */ = {isa = PBXFileReference; fileEncoding = 4; lastKnownFileType = sourcecode.c.objc; path = CTemporaryData.m; sourceTree = "<group>"; };
		455EC6BA12205FC6002EB5D1 /* CTrivialTemplate.h */ = {isa = PBXFileReference; fileEncoding = 4; lastKnownFileType = sourcecode.c.h; path = CTrivialTemplate.h; sourceTree = "<group>"; };
		455EC6BB12205FC6002EB5D1 /* CTrivialTemplate.m */ = {isa = PBXFileReference; fileEncoding = 4; lastKnownFileType = sourcecode.c.objc; path = CTrivialTemplate.m; sourceTree = "<group>"; };
		455EC6BC12205FC6002EB5D1 /* CURLOperation.h */ = {isa = PBXFileReference; fileEncoding = 4; lastKnownFileType = sourcecode.c.h; path = CURLOperation.h; sourceTree = "<group>"; };
		455EC6BD12205FC6002EB5D1 /* CURLOperation.m */ = {isa = PBXFileReference; fileEncoding = 4; lastKnownFileType = sourcecode.c.objc; path = CURLOperation.m; sourceTree = "<group>"; };
		455EC6BE12205FC6002EB5D1 /* CValueValidator.h */ = {isa = PBXFileReference; fileEncoding = 4; lastKnownFileType = sourcecode.c.h; path = CValueValidator.h; sourceTree = "<group>"; };
		455EC6BF12205FC6002EB5D1 /* CValueValidator.m */ = {isa = PBXFileReference; fileEncoding = 4; lastKnownFileType = sourcecode.c.objc; path = CValueValidator.m; sourceTree = "<group>"; };
		455EC6C312205FC6002EB5D1 /* ISO8601DateFormatter.h */ = {isa = PBXFileReference; fileEncoding = 4; lastKnownFileType = sourcecode.c.h; path = ISO8601DateFormatter.h; sourceTree = "<group>"; };
		455EC6C412205FC6002EB5D1 /* ISO8601DateFormatter.m */ = {isa = PBXFileReference; fileEncoding = 4; lastKnownFileType = sourcecode.c.objc; path = ISO8601DateFormatter.m; sourceTree = "<group>"; };
		455EC6C512205FC6002EB5D1 /* NSDate_Extensions.h */ = {isa = PBXFileReference; fileEncoding = 4; lastKnownFileType = sourcecode.c.h; path = NSDate_Extensions.h; sourceTree = "<group>"; };
		455EC6C612205FC6002EB5D1 /* NSDate_Extensions.m */ = {isa = PBXFileReference; fileEncoding = 4; lastKnownFileType = sourcecode.c.objc; path = NSDate_Extensions.m; sourceTree = "<group>"; };
		455EC6C712205FC6002EB5D1 /* NSDate_InternetDateExtensions.h */ = {isa = PBXFileReference; fileEncoding = 4; lastKnownFileType = sourcecode.c.h; path = NSDate_InternetDateExtensions.h; sourceTree = "<group>"; };
		455EC6C812205FC6002EB5D1 /* NSDate_InternetDateExtensions.m */ = {isa = PBXFileReference; fileEncoding = 4; lastKnownFileType = sourcecode.c.objc; path = NSDate_InternetDateExtensions.m; sourceTree = "<group>"; };
		455EC6C912205FC6002EB5D1 /* NSDateFormatter_InternetDateExtensions.h */ = {isa = PBXFileReference; fileEncoding = 4; lastKnownFileType = sourcecode.c.h; path = NSDateFormatter_InternetDateExtensions.h; sourceTree = "<group>"; };
		455EC6CA12205FC6002EB5D1 /* NSDateFormatter_InternetDateExtensions.m */ = {isa = PBXFileReference; fileEncoding = 4; lastKnownFileType = sourcecode.c.objc; path = NSDateFormatter_InternetDateExtensions.m; sourceTree = "<group>"; };
		455EC6CB12205FC6002EB5D1 /* NSData_Base64Extensions.h */ = {isa = PBXFileReference; fileEncoding = 4; lastKnownFileType = sourcecode.c.h; path = NSData_Base64Extensions.h; sourceTree = "<group>"; };
		455EC6CC12205FC6002EB5D1 /* NSData_Base64Extensions.m */ = {isa = PBXFileReference; fileEncoding = 4; lastKnownFileType = sourcecode.c.objc; path = NSData_Base64Extensions.m; sourceTree = "<group>"; };
		455EC6CD12205FC6002EB5D1 /* NSData_Extensions.h */ = {isa = PBXFileReference; fileEncoding = 4; lastKnownFileType = sourcecode.c.h; path = NSData_Extensions.h; sourceTree = "<group>"; };
		455EC6CE12205FC6002EB5D1 /* NSData_Extensions.m */ = {isa = PBXFileReference; fileEncoding = 4; lastKnownFileType = sourcecode.c.objc; path = NSData_Extensions.m; sourceTree = "<group>"; };
		455EC6CF12205FC6002EB5D1 /* NSDecimalNumber_Extensions.h */ = {isa = PBXFileReference; fileEncoding = 4; lastKnownFileType = sourcecode.c.h; path = NSDecimalNumber_Extensions.h; sourceTree = "<group>"; };
		455EC6D012205FC6002EB5D1 /* NSDecimalNumber_Extensions.m */ = {isa = PBXFileReference; fileEncoding = 4; lastKnownFileType = sourcecode.c.objc; path = NSDecimalNumber_Extensions.m; sourceTree = "<group>"; };
		455EC6D112205FC6002EB5D1 /* NSError_Extensions.h */ = {isa = PBXFileReference; fileEncoding = 4; lastKnownFileType = sourcecode.c.h; path = NSError_Extensions.h; sourceTree = "<group>"; };
		455EC6D212205FC6002EB5D1 /* NSError_Extensions.m */ = {isa = PBXFileReference; fileEncoding = 4; lastKnownFileType = sourcecode.c.objc; path = NSError_Extensions.m; sourceTree = "<group>"; };
		455EC6D312205FC6002EB5D1 /* NSFileManager_Extensions.h */ = {isa = PBXFileReference; fileEncoding = 4; lastKnownFileType = sourcecode.c.h; path = NSFileManager_Extensions.h; sourceTree = "<group>"; };
		455EC6D412205FC6002EB5D1 /* NSFileManager_Extensions.m */ = {isa = PBXFileReference; fileEncoding = 4; lastKnownFileType = sourcecode.c.objc; path = NSFileManager_Extensions.m; sourceTree = "<group>"; };
		455EC6D512205FC6002EB5D1 /* NSIndexPath_Extensions.h */ = {isa = PBXFileReference; fileEncoding = 4; lastKnownFileType = sourcecode.c.h; path = NSIndexPath_Extensions.h; sourceTree = "<group>"; };
		455EC6D612205FC6002EB5D1 /* NSIndexPath_Extensions.m */ = {isa = PBXFileReference; fileEncoding = 4; lastKnownFileType = sourcecode.c.objc; path = NSIndexPath_Extensions.m; sourceTree = "<group>"; };
		455EC6D712205FC6002EB5D1 /* NSOperation_DebugExtensions.h */ = {isa = PBXFileReference; fileEncoding = 4; lastKnownFileType = sourcecode.c.h; path = NSOperation_DebugExtensions.h; sourceTree = "<group>"; };
		455EC6D812205FC6002EB5D1 /* NSOperation_DebugExtensions.m */ = {isa = PBXFileReference; fileEncoding = 4; lastKnownFileType = sourcecode.c.objc; path = NSOperation_DebugExtensions.m; sourceTree = "<group>"; };
		455EC6D912205FC6002EB5D1 /* NSOperationQueue_Extensions.h */ = {isa = PBXFileReference; fileEncoding = 4; lastKnownFileType = sourcecode.c.h; path = NSOperationQueue_Extensions.h; sourceTree = "<group>"; };
		455EC6DA12205FC6002EB5D1 /* NSOperationQueue_Extensions.m */ = {isa = PBXFileReference; fileEncoding = 4; lastKnownFileType = sourcecode.c.objc; path = NSOperationQueue_Extensions.m; sourceTree = "<group>"; };
		455EC6DB12205FC6002EB5D1 /* NSScanner_Extensions.h */ = {isa = PBXFileReference; fileEncoding = 4; lastKnownFileType = sourcecode.c.h; path = NSScanner_Extensions.h; sourceTree = "<group>"; };
		455EC6DC12205FC6002EB5D1 /* NSScanner_Extensions.m */ = {isa = PBXFileReference; fileEncoding = 4; lastKnownFileType = sourcecode.c.objc; path = NSScanner_Extensions.m; sourceTree = "<group>"; };
		455EC6DD12205FC6002EB5D1 /* NSScanner_HTMLExtensions.h */ = {isa = PBXFileReference; fileEncoding = 4; lastKnownFileType = sourcecode.c.h; path = NSScanner_HTMLExtensions.h; sourceTree = "<group>"; };
		455EC6DE12205FC6002EB5D1 /* NSScanner_HTMLExtensions.m */ = {isa = PBXFileReference; fileEncoding = 4; lastKnownFileType = sourcecode.c.objc; path = NSScanner_HTMLExtensions.m; sourceTree = "<group>"; };
		455EC6DF12205FC6002EB5D1 /* NSString_Extensions.h */ = {isa = PBXFileReference; fileEncoding = 4; lastKnownFileType = sourcecode.c.h; path = NSString_Extensions.h; sourceTree = "<group>"; };
		455EC6E012205FC6002EB5D1 /* NSString_Extensions.m */ = {isa = PBXFileReference; fileEncoding = 4; lastKnownFileType = sourcecode.c.objc; path = NSString_Extensions.m; sourceTree = "<group>"; };
		455EC6E112205FC6002EB5D1 /* NSURL_DataExtensions.h */ = {isa = PBXFileReference; fileEncoding = 4; lastKnownFileType = sourcecode.c.h; path = NSURL_DataExtensions.h; sourceTree = "<group>"; };
		455EC6E212205FC6002EB5D1 /* NSURL_DataExtensions.m */ = {isa = PBXFileReference; fileEncoding = 4; lastKnownFileType = sourcecode.c.objc; path = NSURL_DataExtensions.m; sourceTree = "<group>"; };
		455EC6E312205FC6002EB5D1 /* NSURL_Extensions.h */ = {isa = PBXFileReference; fileEncoding = 4; lastKnownFileType = sourcecode.c.h; path = NSURL_Extensions.h; sourceTree = "<group>"; };
		455EC6E412205FC6002EB5D1 /* NSURL_Extensions.m */ = {isa = PBXFileReference; fileEncoding = 4; lastKnownFileType = sourcecode.c.objc; path = NSURL_Extensions.m; sourceTree = "<group>"; };
		455EC6E512205FC6002EB5D1 /* NSURLResponse_Extensions.h */ = {isa = PBXFileReference; fileEncoding = 4; lastKnownFileType = sourcecode.c.h; path = NSURLResponse_Extensions.h; sourceTree = "<group>"; };
		455EC6E612205FC6002EB5D1 /* NSURLResponse_Extensions.m */ = {isa = PBXFileReference; fileEncoding = 4; lastKnownFileType = sourcecode.c.objc; path = NSURLResponse_Extensions.m; sourceTree = "<group>"; };
		455EC6E712205FC6002EB5D1 /* NSValue_Extensions.h */ = {isa = PBXFileReference; fileEncoding = 4; lastKnownFileType = sourcecode.c.h; path = NSValue_Extensions.h; sourceTree = "<group>"; };
		455EC6E812205FC6002EB5D1 /* NSValue_Extensions.m */ = {isa = PBXFileReference; fileEncoding = 4; lastKnownFileType = sourcecode.c.objc; path = NSValue_Extensions.m; sourceTree = "<group>"; };
		455EC6EA12205FC6002EB5D1 /* CInvocationGrabber.h */ = {isa = PBXFileReference; fileEncoding = 4; lastKnownFileType = sourcecode.c.h; path = CInvocationGrabber.h; sourceTree = "<group>"; };
		455EC6EB12205FC6002EB5D1 /* CInvocationGrabber.m */ = {isa = PBXFileReference; fileEncoding = 4; lastKnownFileType = sourcecode.c.objc; path = CInvocationGrabber.m; sourceTree = "<group>"; };
		455EC6EC12205FC6002EB5D1 /* NSObject_InvocationGrabberExtensions.h */ = {isa = PBXFileReference; fileEncoding = 4; lastKnownFileType = sourcecode.c.h; path = NSObject_InvocationGrabberExtensions.h; sourceTree = "<group>"; };
		455EC6ED12205FC6002EB5D1 /* NSObject_InvocationGrabberExtensions.m */ = {isa = PBXFileReference; fileEncoding = 4; lastKnownFileType = sourcecode.c.objc; path = NSObject_InvocationGrabberExtensions.m; sourceTree = "<group>"; };
		455EC6EE12205FC6002EB5D1 /* TouchcodePrefix.h */ = {isa = PBXFileReference; fileEncoding = 4; lastKnownFileType = sourcecode.c.h; path = TouchcodePrefix.h; sourceTree = "<group>"; };
		455EC6F012205FC6002EB5D1 /* CBundleResourceURLProtocol.h */ = {isa = PBXFileReference; fileEncoding = 4; lastKnownFileType = sourcecode.c.h; path = CBundleResourceURLProtocol.h; sourceTree = "<group>"; };
		455EC6F112205FC6002EB5D1 /* CBundleResourceURLProtocol.m */ = {isa = PBXFileReference; fileEncoding = 4; lastKnownFileType = sourcecode.c.objc; path = CBundleResourceURLProtocol.m; sourceTree = "<group>"; };
		455EC6F312205FC6002EB5D1 /* CCommaArrayTransformer.h */ = {isa = PBXFileReference; fileEncoding = 4; lastKnownFileType = sourcecode.c.h; path = CCommaArrayTransformer.h; sourceTree = "<group>"; };
		455EC6F412205FC6002EB5D1 /* CCommaArrayTransformer.m */ = {isa = PBXFileReference; fileEncoding = 4; lastKnownFileType = sourcecode.c.objc; path = CCommaArrayTransformer.m; sourceTree = "<group>"; };
		455EC6F512205FC6002EB5D1 /* CFloatTransformer.h */ = {isa = PBXFileReference; fileEncoding = 4; lastKnownFileType = sourcecode.c.h; path = CFloatTransformer.h; sourceTree = "<group>"; };
		455EC6F612205FC6002EB5D1 /* CFloatTransformer.m */ = {isa = PBXFileReference; fileEncoding = 4; lastKnownFileType = sourcecode.c.objc; path = CFloatTransformer.m; sourceTree = "<group>"; };
		455EC6F712205FC6002EB5D1 /* CHumanDateFormatter.h */ = {isa = PBXFileReference; fileEncoding = 4; lastKnownFileType = sourcecode.c.h; path = CHumanDateFormatter.h; sourceTree = "<group>"; };
		455EC6F812205FC6002EB5D1 /* CHumanDateFormatter.m */ = {isa = PBXFileReference; fileEncoding = 4; lastKnownFileType = sourcecode.c.objc; path = CHumanDateFormatter.m; sourceTree = "<group>"; };
		455EC6F912205FC6002EB5D1 /* CNumberToStringValueTransformer.h */ = {isa = PBXFileReference; fileEncoding = 4; lastKnownFileType = sourcecode.c.h; path = CNumberToStringValueTransformer.h; sourceTree = "<group>"; };
		455EC6FA12205FC6002EB5D1 /* CNumberToStringValueTransformer.m */ = {isa = PBXFileReference; fileEncoding = 4; lastKnownFileType = sourcecode.c.objc; path = CNumberToStringValueTransformer.m; sourceTree = "<group>"; };
		455EC7E8122061EB002EB5D1 /* Security.framework */ = {isa = PBXFileReference; lastKnownFileType = wrapper.framework; name = Security.framework; path = System/Library/Frameworks/Security.framework; sourceTree = SDKROOT; };
		455EC80012206242002EB5D1 /* CNXTHandler.h */ = {isa = PBXFileReference; fileEncoding = 4; lastKnownFileType = sourcecode.c.h; path = CNXTHandler.h; sourceTree = "<group>"; };
		455EC80112206242002EB5D1 /* CNXTHandler.m */ = {isa = PBXFileReference; fileEncoding = 4; lastKnownFileType = sourcecode.c.objc; path = CNXTHandler.m; sourceTree = "<group>"; };
		455EC864122063D4002EB5D1 /* LegoNXTRemote.xcodeproj */ = {isa = PBXFileReference; lastKnownFileType = "wrapper.pb-project"; name = LegoNXTRemote.xcodeproj; path = ../legonxtremote/LegoNXTRemote.xcodeproj; sourceTree = SOURCE_ROOT; };
		8D1107310486CEB800E47090 /* NXTServer-Info.plist */ = {isa = PBXFileReference; fileEncoding = 4; lastKnownFileType = text.plist.xml; path = "NXTServer-Info.plist"; sourceTree = "<group>"; };
		8D1107320486CEB800E47090 /* NXTServer.app */ = {isa = PBXFileReference; explicitFileType = wrapper.application; includeInIndex = 0; path = NXTServer.app; sourceTree = BUILT_PRODUCTS_DIR; };
/* End PBXFileReference section */

/* Begin PBXFrameworksBuildPhase section */
		8D11072E0486CEB800E47090 /* Frameworks */ = {
			isa = PBXFrameworksBuildPhase;
			buildActionMask = 2147483647;
			files = (
				8D11072F0486CEB800E47090 /* Cocoa.framework in Frameworks */,
				455EC7E9122061EB002EB5D1 /* Security.framework in Frameworks */,
				455EC880122063EC002EB5D1 /* LegoNXT.framework in Frameworks */,
			);
			runOnlyForDeploymentPostprocessing = 0;
		};
/* End PBXFrameworksBuildPhase section */

/* Begin PBXGroup section */
		080E96DDFE201D6D7F000001 /* Classes */ = {
			isa = PBXGroup;
			children = (
				256AC3D80F4B6AC300CF3369 /* NXTServerAppDelegate.h */,
				256AC3D90F4B6AC300CF3369 /* NXTServerAppDelegate.m */,
				455EC80012206242002EB5D1 /* CNXTHandler.h */,
				455EC80112206242002EB5D1 /* CNXTHandler.m */,
			);
			name = Classes;
			sourceTree = "<group>";
		};
		1058C7A0FEA54F0111CA2CBB /* Linked Frameworks */ = {
			isa = PBXGroup;
			children = (
				1058C7A1FEA54F0111CA2CBB /* Cocoa.framework */,
			);
			name = "Linked Frameworks";
			sourceTree = "<group>";
		};
		1058C7A2FEA54F0111CA2CBB /* Other Frameworks */ = {
			isa = PBXGroup;
			children = (
				29B97324FDCFA39411CA2CEA /* AppKit.framework */,
				13E42FB307B3F0F600E4EEF1 /* CoreData.framework */,
				29B97325FDCFA39411CA2CEA /* Foundation.framework */,
			);
			name = "Other Frameworks";
			sourceTree = "<group>";
		};
		19C28FACFE9D520D11CA2CBB /* Products */ = {
			isa = PBXGroup;
			children = (
				8D1107320486CEB800E47090 /* NXTServer.app */,
			);
			name = Products;
			sourceTree = "<group>";
		};
		29B97314FDCFA39411CA2CEA /* NXTServer */ = {
			isa = PBXGroup;
			children = (
				455EC5B312205FC6002EB5D1 /* Externals */,
				080E96DDFE201D6D7F000001 /* Classes */,
				29B97315FDCFA39411CA2CEA /* Other Sources */,
				29B97317FDCFA39411CA2CEA /* Resources */,
				29B97323FDCFA39411CA2CEA /* Frameworks */,
				455EC864122063D4002EB5D1 /* LegoNXTRemote.xcodeproj */,
				19C28FACFE9D520D11CA2CBB /* Products */,
				455EC7E8122061EB002EB5D1 /* Security.framework */,
			);
			name = NXTServer;
			sourceTree = "<group>";
		};
		29B97315FDCFA39411CA2CEA /* Other Sources */ = {
			isa = PBXGroup;
			children = (
				256AC3F00F4B6AF500CF3369 /* NXTServer_Prefix.pch */,
				29B97316FDCFA39411CA2CEA /* main.m */,
			);
			name = "Other Sources";
			sourceTree = "<group>";
		};
		29B97317FDCFA39411CA2CEA /* Resources */ = {
			isa = PBXGroup;
			children = (
				8D1107310486CEB800E47090 /* NXTServer-Info.plist */,
				089C165CFE840E0CC02AAC07 /* InfoPlist.strings */,
				1DDD58140DA1D0A300B32029 /* MainMenu.xib */,
			);
			name = Resources;
			sourceTree = "<group>";
		};
		29B97323FDCFA39411CA2CEA /* Frameworks */ = {
			isa = PBXGroup;
			children = (
				1058C7A0FEA54F0111CA2CBB /* Linked Frameworks */,
				1058C7A2FEA54F0111CA2CBB /* Other Frameworks */,
			);
			name = Frameworks;
			sourceTree = "<group>";
		};
		455EC5B312205FC6002EB5D1 /* Externals */ = {
			isa = PBXGroup;
			children = (
				455EC5B412205FC6002EB5D1 /* HTTPD */,
				455EC67E12205FC6002EB5D1 /* TouchFoundation */,
			);
			name = Externals;
			path = ../Externals;
			sourceTree = SOURCE_ROOT;
		};
		455EC5B412205FC6002EB5D1 /* HTTPD */ = {
			isa = PBXGroup;
			children = (
				455EC5DE12205FC6002EB5D1 /* Externals */,
				455EC5EC12205FC6002EB5D1 /* LICENSE.txt */,
				455EC62712205FC6002EB5D1 /* Source */,
			);
			path = HTTPD;
			sourceTree = "<group>";
		};
		455EC5DE12205FC6002EB5D1 /* Externals */ = {
			isa = PBXGroup;
			children = (
				455EC5DF12205FC6002EB5D1 /* GMAppleDouble.h */,
				455EC5E012205FC6002EB5D1 /* GMAppleDouble.m */,
				455EC5E112205FC6002EB5D1 /* libnatpmp-20071213 */,
			);
			path = Externals;
			sourceTree = "<group>";
		};
		455EC5E112205FC6002EB5D1 /* libnatpmp-20071213 */ = {
			isa = PBXGroup;
			children = (
				455EC5E212205FC6002EB5D1 /* Changelog.txt */,
				455EC5E312205FC6002EB5D1 /* getgateway.c */,
				455EC5E412205FC6002EB5D1 /* getgateway.h */,
				455EC5E512205FC6002EB5D1 /* Makefile */,
				455EC5E612205FC6002EB5D1 /* natpmp.c */,
				455EC5E712205FC6002EB5D1 /* natpmp.h */,
				455EC5E812205FC6002EB5D1 /* natpmpc.c */,
				455EC5E912205FC6002EB5D1 /* testgetgateway.c */,
			);
			path = "libnatpmp-20071213";
			sourceTree = "<group>";
		};
		455EC62712205FC6002EB5D1 /* Source */ = {
			isa = PBXGroup;
			children = (
				455EC62812205FC6002EB5D1 /* Connections */,
				455EC63512205FC6002EB5D1 /* HTTP */,
				455EC66712205FC6002EB5D1 /* NATPMP */,
				455EC66A12205FC6002EB5D1 /* Support */,
			);
			path = Source;
			sourceTree = "<group>";
		};
		455EC62812205FC6002EB5D1 /* Connections */ = {
			isa = PBXGroup;
			children = (
				455EC62912205FC6002EB5D1 /* CSecureTransportConnection.h */,
				455EC62A12205FC6002EB5D1 /* CSecureTransportConnection.m */,
				455EC62B12205FC6002EB5D1 /* CTCPConnection.h */,
				455EC62C12205FC6002EB5D1 /* CTCPConnection.m */,
				455EC62D12205FC6002EB5D1 /* CTCPSocketListener.h */,
				455EC62E12205FC6002EB5D1 /* CTCPSocketListener.m */,
				455EC62F12205FC6002EB5D1 /* CTCPSocketListener_Extensions.h */,
				455EC63012205FC6002EB5D1 /* CTCPSocketListener_Extensions.m */,
				455EC63112205FC6002EB5D1 /* CTransport.h */,
				455EC63212205FC6002EB5D1 /* CTransport.m */,
				455EC63312205FC6002EB5D1 /* CWireProtocol.h */,
				455EC63412205FC6002EB5D1 /* CWireProtocol.m */,
			);
			path = Connections;
			sourceTree = "<group>";
		};
		455EC63512205FC6002EB5D1 /* HTTP */ = {
			isa = PBXGroup;
			children = (
				455EC63612205FC6002EB5D1 /* Auth */,
				455EC63912205FC6002EB5D1 /* CHTTPConnection.h */,
				455EC63A12205FC6002EB5D1 /* CHTTPConnection.m */,
				455EC63B12205FC6002EB5D1 /* CHTTPMessage.h */,
				455EC63C12205FC6002EB5D1 /* CHTTPMessage.m */,
				455EC63D12205FC6002EB5D1 /* CHTTPMessage_ConvenienceExtensions.h */,
				455EC63E12205FC6002EB5D1 /* CHTTPMessage_ConvenienceExtensions.m */,
				455EC63F12205FC6002EB5D1 /* CHTTPRequestHandler.h */,
				455EC64012205FC6002EB5D1 /* CHTTPRequestHandler.m */,
				455EC64112205FC6002EB5D1 /* CHTTPServer.h */,
				455EC64212205FC6002EB5D1 /* CHTTPServer.m */,
				455EC64312205FC6002EB5D1 /* CRoutingHTTPRequestHandler.h */,
				455EC64412205FC6002EB5D1 /* CRoutingHTTPRequestHandler.m */,
				455EC64512205FC6002EB5D1 /* Handlers */,
				455EC66212205FC6002EB5D1 /* Logging */,
				455EC66512205FC6002EB5D1 /* TouchHTTPDConstants.h */,
				455EC66612205FC6002EB5D1 /* TouchHTTPDConstants.m */,
			);
			path = HTTP;
			sourceTree = "<group>";
		};
		455EC63612205FC6002EB5D1 /* Auth */ = {
			isa = PBXGroup;
			children = (
				455EC63712205FC6002EB5D1 /* CHTTPBasicAuthHandler.h */,
				455EC63812205FC6002EB5D1 /* CHTTPBasicAuthHandler.m */,
			);
			path = Auth;
			sourceTree = "<group>";
		};
		455EC64512205FC6002EB5D1 /* Handlers */ = {
			isa = PBXGroup;
			children = (
				455EC64612205FC6002EB5D1 /* CDefaultFileSystem.h */,
				455EC64712205FC6002EB5D1 /* CDefaultFileSystem.m */,
				455EC64812205FC6002EB5D1 /* CFileSystem.h */,
				455EC64912205FC6002EB5D1 /* CFileSystem.m */,
				455EC64A12205FC6002EB5D1 /* CHTTPDefaultHandler.h */,
				455EC64B12205FC6002EB5D1 /* CHTTPDefaultHandler.m */,
				455EC64C12205FC6002EB5D1 /* CHTTPFileSystemHandler.h */,
				455EC64D12205FC6002EB5D1 /* CHTTPFileSystemHandler.m */,
				455EC64E12205FC6002EB5D1 /* CHTTPLogHandler.h */,
				455EC64F12205FC6002EB5D1 /* CHTTPLogHandler.m */,
				455EC65012205FC6002EB5D1 /* CHTTPStaticResourcesHandler.h */,
				455EC65112205FC6002EB5D1 /* CHTTPStaticResourcesHandler.m */,
				455EC65212205FC6002EB5D1 /* CRoutingHTTPRequestHandler.h */,
				455EC65312205FC6002EB5D1 /* CRoutingHTTPRequestHandler.m */,
			);
			path = Handlers;
			sourceTree = "<group>";
		};
		455EC66212205FC6002EB5D1 /* Logging */ = {
			isa = PBXGroup;
			children = (
				455EC66312205FC6002EB5D1 /* CHTTPLoggingHandler.h */,
				455EC66412205FC6002EB5D1 /* CHTTPLoggingHandler.m */,
			);
			path = Logging;
			sourceTree = "<group>";
		};
		455EC66712205FC6002EB5D1 /* NATPMP */ = {
			isa = PBXGroup;
			children = (
				455EC66812205FC6002EB5D1 /* CNATPMPManager.h */,
				455EC66912205FC6002EB5D1 /* CNATPMPManager.m */,
			);
			path = NATPMP;
			sourceTree = "<group>";
		};
		455EC66A12205FC6002EB5D1 /* Support */ = {
			isa = PBXGroup;
			children = (
				455EC66B12205FC6002EB5D1 /* CChunkWriter.h */,
				455EC66C12205FC6002EB5D1 /* CChunkWriter.m */,
				455EC66D12205FC6002EB5D1 /* CMultiInputStream.h */,
				455EC66E12205FC6002EB5D1 /* CMultiInputStream.m */,
				455EC66F12205FC6002EB5D1 /* CStreamConnector.h */,
				455EC67012205FC6002EB5D1 /* CStreamConnector.m */,
				455EC67112205FC6002EB5D1 /* NSError_HTTPDExtensions.h */,
				455EC67212205FC6002EB5D1 /* NSError_HTTPDExtensions.m */,
				455EC67312205FC6002EB5D1 /* NSError_XMLOutputExtensions.h */,
				455EC67412205FC6002EB5D1 /* NSError_XMLOutputExtensions.m */,
				455EC67512205FC6002EB5D1 /* NSFileManager_AppleDoubleExtensions.h */,
				455EC67612205FC6002EB5D1 /* NSFileManager_AppleDoubleExtensions.m */,
				455EC67712205FC6002EB5D1 /* NSStream_Extensions.h */,
				455EC67812205FC6002EB5D1 /* NSStream_Extensions.m */,
				455EC67912205FC6002EB5D1 /* NSString_AppleDoubleExtensions.h */,
				455EC67A12205FC6002EB5D1 /* NSString_AppleDoubleExtensions.m */,
				455EC67B12205FC6002EB5D1 /* SKPInputStreamConnector */,
			);
			path = Support;
			sourceTree = "<group>";
		};
		455EC67B12205FC6002EB5D1 /* SKPInputStreamConnector */ = {
			isa = PBXGroup;
			children = (
				455EC67C12205FC6002EB5D1 /* HSK_CFUtilities.h */,
				455EC67D12205FC6002EB5D1 /* HSK_CFUtilities.m */,
			);
			path = SKPInputStreamConnector;
			sourceTree = "<group>";
		};
		455EC67E12205FC6002EB5D1 /* TouchFoundation */ = {
			isa = PBXGroup;
			children = (
				455EC6A412205FC6002EB5D1 /* Source */,
			);
			path = TouchFoundation;
			sourceTree = "<group>";
		};
		455EC6A412205FC6002EB5D1 /* Source */ = {
			isa = PBXGroup;
			children = (
				455EC6A512205FC6002EB5D1 /* Base64Transcoder.c */,
				455EC6A612205FC6002EB5D1 /* Base64Transcoder.h */,
				455EC6A712205FC6002EB5D1 /* CDateRange.h */,
				455EC6A812205FC6002EB5D1 /* CDateRange.m */,
				455EC6A912205FC6002EB5D1 /* CLazyCache.h */,
				455EC6AA12205FC6002EB5D1 /* CLazyCache.m */,
				455EC6B412205FC6002EB5D1 /* CPointerArray.h */,
				455EC6B512205FC6002EB5D1 /* CPointerArray.m */,
				455EC6B612205FC6002EB5D1 /* CTempFile.h */,
				455EC6B712205FC6002EB5D1 /* CTempFile.m */,
				455EC6B812205FC6002EB5D1 /* CTemporaryData.h */,
				455EC6B912205FC6002EB5D1 /* CTemporaryData.m */,
				455EC6BA12205FC6002EB5D1 /* CTrivialTemplate.h */,
				455EC6BB12205FC6002EB5D1 /* CTrivialTemplate.m */,
				455EC6BC12205FC6002EB5D1 /* CURLOperation.h */,
				455EC6BD12205FC6002EB5D1 /* CURLOperation.m */,
				455EC6BE12205FC6002EB5D1 /* CValueValidator.h */,
				455EC6BF12205FC6002EB5D1 /* CValueValidator.m */,
				455EC6C012205FC6002EB5D1 /* Extensions */,
				455EC6E912205FC6002EB5D1 /* InvocationGrabber */,
				455EC6EE12205FC6002EB5D1 /* TouchcodePrefix.h */,
				455EC6EF12205FC6002EB5D1 /* URLProtocols */,
				455EC6F212205FC6002EB5D1 /* ValueTransformers */,
			);
			path = Source;
			sourceTree = "<group>";
		};
		455EC6C012205FC6002EB5D1 /* Extensions */ = {
			isa = PBXGroup;
			children = (
				455EC6C112205FC6002EB5D1 /* Dates */,
				455EC6CB12205FC6002EB5D1 /* NSData_Base64Extensions.h */,
				455EC6CC12205FC6002EB5D1 /* NSData_Base64Extensions.m */,
				455EC6CD12205FC6002EB5D1 /* NSData_Extensions.h */,
				455EC6CE12205FC6002EB5D1 /* NSData_Extensions.m */,
				455EC6CF12205FC6002EB5D1 /* NSDecimalNumber_Extensions.h */,
				455EC6D012205FC6002EB5D1 /* NSDecimalNumber_Extensions.m */,
				455EC6D112205FC6002EB5D1 /* NSError_Extensions.h */,
				455EC6D212205FC6002EB5D1 /* NSError_Extensions.m */,
				455EC6D312205FC6002EB5D1 /* NSFileManager_Extensions.h */,
				455EC6D412205FC6002EB5D1 /* NSFileManager_Extensions.m */,
				455EC6D512205FC6002EB5D1 /* NSIndexPath_Extensions.h */,
				455EC6D612205FC6002EB5D1 /* NSIndexPath_Extensions.m */,
				455EC6D712205FC6002EB5D1 /* NSOperation_DebugExtensions.h */,
				455EC6D812205FC6002EB5D1 /* NSOperation_DebugExtensions.m */,
				455EC6D912205FC6002EB5D1 /* NSOperationQueue_Extensions.h */,
				455EC6DA12205FC6002EB5D1 /* NSOperationQueue_Extensions.m */,
				455EC6DB12205FC6002EB5D1 /* NSScanner_Extensions.h */,
				455EC6DC12205FC6002EB5D1 /* NSScanner_Extensions.m */,
				455EC6DD12205FC6002EB5D1 /* NSScanner_HTMLExtensions.h */,
				455EC6DE12205FC6002EB5D1 /* NSScanner_HTMLExtensions.m */,
				455EC6DF12205FC6002EB5D1 /* NSString_Extensions.h */,
				455EC6E012205FC6002EB5D1 /* NSString_Extensions.m */,
				455EC6E112205FC6002EB5D1 /* NSURL_DataExtensions.h */,
				455EC6E212205FC6002EB5D1 /* NSURL_DataExtensions.m */,
				455EC6E312205FC6002EB5D1 /* NSURL_Extensions.h */,
				455EC6E412205FC6002EB5D1 /* NSURL_Extensions.m */,
				455EC6E512205FC6002EB5D1 /* NSURLResponse_Extensions.h */,
				455EC6E612205FC6002EB5D1 /* NSURLResponse_Extensions.m */,
				455EC6E712205FC6002EB5D1 /* NSValue_Extensions.h */,
				455EC6E812205FC6002EB5D1 /* NSValue_Extensions.m */,
			);
			path = Extensions;
			sourceTree = "<group>";
		};
		455EC6C112205FC6002EB5D1 /* Dates */ = {
			isa = PBXGroup;
			children = (
				455EC6C212205FC6002EB5D1 /* ISO-8601-parser-0.5 */,
				455EC6C512205FC6002EB5D1 /* NSDate_Extensions.h */,
				455EC6C612205FC6002EB5D1 /* NSDate_Extensions.m */,
				455EC6C712205FC6002EB5D1 /* NSDate_InternetDateExtensions.h */,
				455EC6C812205FC6002EB5D1 /* NSDate_InternetDateExtensions.m */,
				455EC6C912205FC6002EB5D1 /* NSDateFormatter_InternetDateExtensions.h */,
				455EC6CA12205FC6002EB5D1 /* NSDateFormatter_InternetDateExtensions.m */,
			);
			path = Dates;
			sourceTree = "<group>";
		};
		455EC6C212205FC6002EB5D1 /* ISO-8601-parser-0.5 */ = {
			isa = PBXGroup;
			children = (
				455EC6C312205FC6002EB5D1 /* ISO8601DateFormatter.h */,
				455EC6C412205FC6002EB5D1 /* ISO8601DateFormatter.m */,
			);
			path = "ISO-8601-parser-0.5";
			sourceTree = "<group>";
		};
		455EC6E912205FC6002EB5D1 /* InvocationGrabber */ = {
			isa = PBXGroup;
			children = (
				455EC6EA12205FC6002EB5D1 /* CInvocationGrabber.h */,
				455EC6EB12205FC6002EB5D1 /* CInvocationGrabber.m */,
				455EC6EC12205FC6002EB5D1 /* NSObject_InvocationGrabberExtensions.h */,
				455EC6ED12205FC6002EB5D1 /* NSObject_InvocationGrabberExtensions.m */,
			);
			path = InvocationGrabber;
			sourceTree = "<group>";
		};
		455EC6EF12205FC6002EB5D1 /* URLProtocols */ = {
			isa = PBXGroup;
			children = (
				455EC6F012205FC6002EB5D1 /* CBundleResourceURLProtocol.h */,
				455EC6F112205FC6002EB5D1 /* CBundleResourceURLProtocol.m */,
			);
			path = URLProtocols;
			sourceTree = "<group>";
		};
		455EC6F212205FC6002EB5D1 /* ValueTransformers */ = {
			isa = PBXGroup;
			children = (
				455EC6F312205FC6002EB5D1 /* CCommaArrayTransformer.h */,
				455EC6F412205FC6002EB5D1 /* CCommaArrayTransformer.m */,
				455EC6F512205FC6002EB5D1 /* CFloatTransformer.h */,
				455EC6F612205FC6002EB5D1 /* CFloatTransformer.m */,
				455EC6F712205FC6002EB5D1 /* CHumanDateFormatter.h */,
				455EC6F812205FC6002EB5D1 /* CHumanDateFormatter.m */,
				455EC6F912205FC6002EB5D1 /* CNumberToStringValueTransformer.h */,
				455EC6FA12205FC6002EB5D1 /* CNumberToStringValueTransformer.m */,
			);
			path = ValueTransformers;
			sourceTree = "<group>";
		};
		455EC865122063D4002EB5D1 /* Products */ = {
			isa = PBXGroup;
			children = (
				455EC86D122063D4002EB5D1 /* LegoNXT.framework */,
				455EC86F122063D4002EB5D1 /* LegoNXTRemote.app */,
			);
			name = Products;
			sourceTree = "<group>";
		};
/* End PBXGroup section */

/* Begin PBXNativeTarget section */
		8D1107260486CEB800E47090 /* NXTServer */ = {
			isa = PBXNativeTarget;
			buildConfigurationList = C01FCF4A08A954540054247B /* Build configuration list for PBXNativeTarget "NXTServer" */;
			buildPhases = (
				8D1107290486CEB800E47090 /* Resources */,
				8D11072C0486CEB800E47090 /* Sources */,
				8D11072E0486CEB800E47090 /* Frameworks */,
				455EC95412206E69002EB5D1 /* CopyFiles */,
			);
			buildRules = (
			);
			dependencies = (
				455EC87F122063E5002EB5D1 /* PBXTargetDependency */,
			);
			name = NXTServer;
			productInstallPath = "$(HOME)/Applications";
			productName = NXTServer;
			productReference = 8D1107320486CEB800E47090 /* NXTServer.app */;
			productType = "com.apple.product-type.application";
		};
/* End PBXNativeTarget section */

/* Begin PBXProject section */
		29B97313FDCFA39411CA2CEA /* Project object */ = {
			isa = PBXProject;
			buildConfigurationList = C01FCF4E08A954540054247B /* Build configuration list for PBXProject "NXTServer" */;
			compatibilityVersion = "Xcode 3.1";
			developmentRegion = English;
			hasScannedForEncodings = 1;
			knownRegions = (
				English,
				Japanese,
				French,
				German,
			);
			mainGroup = 29B97314FDCFA39411CA2CEA /* NXTServer */;
			projectDirPath = "";
			projectReferences = (
				{
					ProductGroup = 455EC865122063D4002EB5D1 /* Products */;
					ProjectRef = 455EC864122063D4002EB5D1 /* LegoNXTRemote.xcodeproj */;
				},
			);
			projectRoot = "";
			targets = (
				8D1107260486CEB800E47090 /* NXTServer */,
			);
		};
/* End PBXProject section */

/* Begin PBXReferenceProxy section */
		455EC86D122063D4002EB5D1 /* LegoNXT.framework */ = {
			isa = PBXReferenceProxy;
			fileType = wrapper.framework;
			path = LegoNXT.framework;
			remoteRef = 455EC86C122063D4002EB5D1 /* PBXContainerItemProxy */;
			sourceTree = BUILT_PRODUCTS_DIR;
		};
		455EC86F122063D4002EB5D1 /* LegoNXTRemote.app */ = {
			isa = PBXReferenceProxy;
			fileType = wrapper.application;
			path = LegoNXTRemote.app;
			remoteRef = 455EC86E122063D4002EB5D1 /* PBXContainerItemProxy */;
			sourceTree = BUILT_PRODUCTS_DIR;
		};
/* End PBXReferenceProxy section */

/* Begin PBXResourcesBuildPhase section */
		8D1107290486CEB800E47090 /* Resources */ = {
			isa = PBXResourcesBuildPhase;
			buildActionMask = 2147483647;
			files = (
				8D11072B0486CEB800E47090 /* InfoPlist.strings in Resources */,
				1DDD58160DA1D0A300B32029 /* MainMenu.xib in Resources */,
				455EC72612205FC6002EB5D1 /* LICENSE.txt in Resources */,
			);
			runOnlyForDeploymentPostprocessing = 0;
		};
/* End PBXResourcesBuildPhase section */

/* Begin PBXSourcesBuildPhase section */
		8D11072C0486CEB800E47090 /* Sources */ = {
			isa = PBXSourcesBuildPhase;
			buildActionMask = 2147483647;
			files = (
				8D11072D0486CEB800E47090 /* main.m in Sources */,
				256AC3DA0F4B6AC300CF3369 /* NXTServerAppDelegate.m in Sources */,
				455EC71F12205FC6002EB5D1 /* GMAppleDouble.m in Sources */,
				455EC72112205FC6002EB5D1 /* getgateway.c in Sources */,
				455EC74012205FC6002EB5D1 /* CSecureTransportConnection.m in Sources */,
				455EC74112205FC6002EB5D1 /* CTCPConnection.m in Sources */,
				455EC74212205FC6002EB5D1 /* CTCPSocketListener.m in Sources */,
				455EC74312205FC6002EB5D1 /* CTCPSocketListener_Extensions.m in Sources */,
				455EC74412205FC6002EB5D1 /* CTransport.m in Sources */,
				455EC74512205FC6002EB5D1 /* CWireProtocol.m in Sources */,
				455EC74612205FC6002EB5D1 /* CHTTPBasicAuthHandler.m in Sources */,
				455EC74712205FC6002EB5D1 /* CHTTPConnection.m in Sources */,
				455EC74812205FC6002EB5D1 /* CHTTPMessage.m in Sources */,
				455EC74912205FC6002EB5D1 /* CHTTPMessage_ConvenienceExtensions.m in Sources */,
				455EC74A12205FC6002EB5D1 /* CHTTPRequestHandler.m in Sources */,
				455EC74B12205FC6002EB5D1 /* CHTTPServer.m in Sources */,
				455EC74D12205FC6002EB5D1 /* CDefaultFileSystem.m in Sources */,
				455EC75A12205FC6002EB5D1 /* CHTTPLoggingHandler.m in Sources */,
				455EC75B12205FC6002EB5D1 /* TouchHTTPDConstants.m in Sources */,
				455EC75C12205FC6002EB5D1 /* CNATPMPManager.m in Sources */,
				455EC75D12205FC6002EB5D1 /* CChunkWriter.m in Sources */,
				455EC75E12205FC6002EB5D1 /* CMultiInputStream.m in Sources */,
				455EC75F12205FC6002EB5D1 /* CStreamConnector.m in Sources */,
				455EC76012205FC6002EB5D1 /* NSError_HTTPDExtensions.m in Sources */,
				455EC76212205FC6002EB5D1 /* NSFileManager_AppleDoubleExtensions.m in Sources */,
				455EC76312205FC6002EB5D1 /* NSStream_Extensions.m in Sources */,
				455EC76412205FC6002EB5D1 /* NSString_AppleDoubleExtensions.m in Sources */,
				455EC76512205FC6002EB5D1 /* HSK_CFUtilities.m in Sources */,
				455EC77D12205FC6002EB5D1 /* Base64Transcoder.c in Sources */,
				455EC77E12205FC6002EB5D1 /* CDateRange.m in Sources */,
				455EC77F12205FC6002EB5D1 /* CLazyCache.m in Sources */,
				455EC78412205FC6002EB5D1 /* CPointerArray.m in Sources */,
				455EC78512205FC6002EB5D1 /* CTempFile.m in Sources */,
				455EC78612205FC6002EB5D1 /* CTemporaryData.m in Sources */,
				455EC78712205FC6002EB5D1 /* CTrivialTemplate.m in Sources */,
				455EC78812205FC6002EB5D1 /* CURLOperation.m in Sources */,
				455EC78912205FC6002EB5D1 /* CValueValidator.m in Sources */,
				455EC78A12205FC6002EB5D1 /* ISO8601DateFormatter.m in Sources */,
				455EC78B12205FC6002EB5D1 /* NSDate_Extensions.m in Sources */,
				455EC78C12205FC6002EB5D1 /* NSDate_InternetDateExtensions.m in Sources */,
				455EC78D12205FC6002EB5D1 /* NSDateFormatter_InternetDateExtensions.m in Sources */,
				455EC78E12205FC6002EB5D1 /* NSData_Base64Extensions.m in Sources */,
				455EC78F12205FC6002EB5D1 /* NSData_Extensions.m in Sources */,
				455EC79012205FC6002EB5D1 /* NSDecimalNumber_Extensions.m in Sources */,
				455EC79112205FC6002EB5D1 /* NSError_Extensions.m in Sources */,
				455EC79212205FC6002EB5D1 /* NSFileManager_Extensions.m in Sources */,
				455EC79312205FC6002EB5D1 /* NSIndexPath_Extensions.m in Sources */,
				455EC79412205FC6002EB5D1 /* NSOperation_DebugExtensions.m in Sources */,
				455EC79512205FC6002EB5D1 /* NSOperationQueue_Extensions.m in Sources */,
				455EC79612205FC6002EB5D1 /* NSScanner_Extensions.m in Sources */,
				455EC79712205FC6002EB5D1 /* NSScanner_HTMLExtensions.m in Sources */,
				455EC79812205FC6002EB5D1 /* NSString_Extensions.m in Sources */,
				455EC79912205FC6002EB5D1 /* NSURL_DataExtensions.m in Sources */,
				455EC79A12205FC6002EB5D1 /* NSURL_Extensions.m in Sources */,
				455EC79B12205FC6002EB5D1 /* NSURLResponse_Extensions.m in Sources */,
				455EC79C12205FC6002EB5D1 /* NSValue_Extensions.m in Sources */,
				455EC79D12205FC6002EB5D1 /* CInvocationGrabber.m in Sources */,
				455EC79E12205FC6002EB5D1 /* NSObject_InvocationGrabberExtensions.m in Sources */,
				455EC79F12205FC6002EB5D1 /* CBundleResourceURLProtocol.m in Sources */,
				455EC7A012205FC6002EB5D1 /* CCommaArrayTransformer.m in Sources */,
				455EC7A112205FC6002EB5D1 /* CFloatTransformer.m in Sources */,
				455EC7A212205FC6002EB5D1 /* CHumanDateFormatter.m in Sources */,
				455EC7A312205FC6002EB5D1 /* CNumberToStringValueTransformer.m in Sources */,
				455EC7E5122061D5002EB5D1 /* natpmp.c in Sources */,
				455EC80212206242002EB5D1 /* CNXTHandler.m in Sources */,
			);
			runOnlyForDeploymentPostprocessing = 0;
		};
/* End PBXSourcesBuildPhase section */

/* Begin PBXTargetDependency section */
		455EC87F122063E5002EB5D1 /* PBXTargetDependency */ = {
			isa = PBXTargetDependency;
			name = LegoNXT;
			targetProxy = 455EC87E122063E5002EB5D1 /* PBXContainerItemProxy */;
		};
/* End PBXTargetDependency section */

/* Begin PBXVariantGroup section */
		089C165CFE840E0CC02AAC07 /* InfoPlist.strings */ = {
			isa = PBXVariantGroup;
			children = (
				089C165DFE840E0CC02AAC07 /* English */,
			);
			name = InfoPlist.strings;
			sourceTree = "<group>";
		};
		1DDD58140DA1D0A300B32029 /* MainMenu.xib */ = {
			isa = PBXVariantGroup;
			children = (
				1DDD58150DA1D0A300B32029 /* English */,
			);
			name = MainMenu.xib;
			sourceTree = "<group>";
		};
/* End PBXVariantGroup section */

/* Begin XCBuildConfiguration section */
		C01FCF4B08A954540054247B /* Debug */ = {
			isa = XCBuildConfiguration;
			buildSettings = {
				ALWAYS_SEARCH_USER_PATHS = NO;
				COPY_PHASE_STRIP = NO;
				GCC_DYNAMIC_NO_PIC = NO;
				GCC_ENABLE_FIX_AND_CONTINUE = YES;
				GCC_MODEL_TUNING = G5;
				GCC_OPTIMIZATION_LEVEL = 0;
				GCC_PRECOMPILE_PREFIX_HEADER = YES;
				GCC_PREFIX_HEADER = NXTServer_Prefix.pch;
				INFOPLIST_FILE = "NXTServer-Info.plist";
				INSTALL_PATH = "$(HOME)/Applications";
				PRODUCT_NAME = NXTServer;
			};
			name = Debug;
		};
		C01FCF4C08A954540054247B /* Release */ = {
			isa = XCBuildConfiguration;
			buildSettings = {
				ALWAYS_SEARCH_USER_PATHS = NO;
				DEBUG_INFORMATION_FORMAT = "dwarf-with-dsym";
				GCC_MODEL_TUNING = G5;
				GCC_PRECOMPILE_PREFIX_HEADER = YES;
				GCC_PREFIX_HEADER = NXTServer_Prefix.pch;
				INFOPLIST_FILE = "NXTServer-Info.plist";
				INSTALL_PATH = "$(HOME)/Applications";
				PRODUCT_NAME = NXTServer;
			};
			name = Release;
		};
		C01FCF4F08A954540054247B /* Debug */ = {
			isa = XCBuildConfiguration;
			buildSettings = {
				ARCHS = "$(ARCHS_STANDARD_32_64_BIT)";
				GCC_C_LANGUAGE_STANDARD = gnu99;
				GCC_OPTIMIZATION_LEVEL = 0;
				GCC_WARN_ABOUT_RETURN_TYPE = YES;
				GCC_WARN_UNUSED_VARIABLE = YES;
				ONLY_ACTIVE_ARCH = YES;
				PREBINDING = NO;
				SDKROOT = macosx10.6;
			};
			name = Debug;
		};
		C01FCF5008A954540054247B /* Release */ = {
			isa = XCBuildConfiguration;
			buildSettings = {
				ARCHS = "$(ARCHS_STANDARD_32_64_BIT)";
				GCC_C_LANGUAGE_STANDARD = gnu99;
				GCC_WARN_ABOUT_RETURN_TYPE = YES;
				GCC_WARN_UNUSED_VARIABLE = YES;
				PREBINDING = NO;
				SDKROOT = macosx10.6;
			};
			name = Release;
		};
/* End XCBuildConfiguration section */

/* Begin XCConfigurationList section */
		C01FCF4A08A954540054247B /* Build configuration list for PBXNativeTarget "NXTServer" */ = {
			isa = XCConfigurationList;
			buildConfigurations = (
				C01FCF4B08A954540054247B /* Debug */,
				C01FCF4C08A954540054247B /* Release */,
			);
			defaultConfigurationIsVisible = 0;
			defaultConfigurationName = Release;
		};
		C01FCF4E08A954540054247B /* Build configuration list for PBXProject "NXTServer" */ = {
			isa = XCConfigurationList;
			buildConfigurations = (
				C01FCF4F08A954540054247B /* Debug */,
				C01FCF5008A954540054247B /* Release */,
			);
			defaultConfigurationIsVisible = 0;
			defaultConfigurationName = Release;
		};
/* End XCConfigurationList section */
	};
	rootObject = 29B97313FDCFA39411CA2CEA /* Project object */;
}
